
Microsoft Visual Studio Solution File, Format Version 12.00
# Visual Studio Version 17
VisualStudioVersion = 17.4.33205.214
MinimumVisualStudioVersion = 10.0.40219.1
Project("{FAE04EC0-301F-11D3-BF4B-00C04F79EFBC}") = "ConsoleApp1", "ConsoleApp1\ConsoleApp1.csproj", "{6DC7A6DE-0AE7-451C-8180-9EDEBF56C2CC}"
EndProject
Project("{2150E333-8FDC-42A3-9474-1A3956D46DE8}") = "Solution Items", "Solution Items", "{CFC89E38-E8B8-4DDF-BE6A-A1BA57EC01FE}"
	ProjectSection(SolutionItems) = preProject
		.editorconfig = .editorconfig
	EndProjectSection
EndProject
Global
	GlobalSection(SolutionConfigurationPlatforms) = preSolution
		Debug|Any CPU = Debug|Any CPU
		Release|Any CPU = Release|Any CPU
	EndGlobalSection
	GlobalSection(ProjectConfigurationPlatforms) = postSolution
		{6DC7A6DE-0AE7-451C-8180-9EDEBF56C2CC}.Debug|Any CPU.ActiveCfg = Debug|Any CPU
		{6DC7A6DE-0AE7-451C-8180-9EDEBF56C2CC}.Debug|Any CPU.Build.0 = Debug|Any CPU
		{6DC7A6DE-0AE7-451C-8180-9EDEBF56C2CC}.Release|Any CPU.ActiveCfg = Release|Any CPU
		{6DC7A6DE-0AE7-451C-8180-9EDEBF56C2CC}.Release|Any CPU.Build.0 = Release|Any CPU
	EndGlobalSection
	GlobalSection(SolutionProperties) = preSolution
		HideSolutionNode = FALSE
	EndGlobalSection
	GlobalSection(ExtensibilityGlobals) = postSolution
		SolutionGuid = {00657CE8-F8A6-4594-932A-5E3C926419C1}
	EndGlobalSection
EndGlobal
